// !$*UTF8*$!
{
	archiveVersion = 1;
	classes = {
	};
	objectVersion = 46;
	objects = {

/* Begin PBXBuildFile section */
		51240267182151B700E8DA17 /* Foundation.framework in Frameworks */ = {isa = PBXBuildFile; fileRef = 51240266182151B700E8DA17 /* Foundation.framework */; };
		51240269182151B700E8DA17 /* CoreGraphics.framework in Frameworks */ = {isa = PBXBuildFile; fileRef = 51240268182151B700E8DA17 /* CoreGraphics.framework */; };
		5124026B182151B700E8DA17 /* UIKit.framework in Frameworks */ = {isa = PBXBuildFile; fileRef = 5124026A182151B700E8DA17 /* UIKit.framework */; };
		51240271182151B700E8DA17 /* InfoPlist.strings in Resources */ = {isa = PBXBuildFile; fileRef = 5124026F182151B700E8DA17 /* InfoPlist.strings */; };
		51240273182151B700E8DA17 /* main.m in Sources */ = {isa = PBXBuildFile; fileRef = 51240272182151B700E8DA17 /* main.m */; };
		51240277182151B700E8DA17 /* TabNavAppDelegate.m in Sources */ = {isa = PBXBuildFile; fileRef = 51240276182151B700E8DA17 /* TabNavAppDelegate.m */; };
		51240279182151B700E8DA17 /* Images.xcassets in Resources */ = {isa = PBXBuildFile; fileRef = 51240278182151B700E8DA17 /* Images.xcassets */; };
		51240280182151B700E8DA17 /* XCTest.framework in Frameworks */ = {isa = PBXBuildFile; fileRef = 5124027F182151B700E8DA17 /* XCTest.framework */; };
		51240281182151B700E8DA17 /* Foundation.framework in Frameworks */ = {isa = PBXBuildFile; fileRef = 51240266182151B700E8DA17 /* Foundation.framework */; };
		51240282182151B700E8DA17 /* UIKit.framework in Frameworks */ = {isa = PBXBuildFile; fileRef = 5124026A182151B700E8DA17 /* UIKit.framework */; };
		5124028A182151B700E8DA17 /* InfoPlist.strings in Resources */ = {isa = PBXBuildFile; fileRef = 51240288182151B700E8DA17 /* InfoPlist.strings */; };
		5124028C182151B700E8DA17 /* TabNavTests.m in Sources */ = {isa = PBXBuildFile; fileRef = 5124028B182151B700E8DA17 /* TabNavTests.m */; };
		512402971821520800E8DA17 /* FirstViewController.m in Sources */ = {isa = PBXBuildFile; fileRef = 512402961821520800E8DA17 /* FirstViewController.m */; };
		5124029A1821523100E8DA17 /* SecondViewController.m in Sources */ = {isa = PBXBuildFile; fileRef = 512402991821523100E8DA17 /* SecondViewController.m */; };
		5124029D182155C600E8DA17 /* ThirdViewController.m in Sources */ = {isa = PBXBuildFile; fileRef = 5124029C182155C600E8DA17 /* ThirdViewController.m */; };
		512402A0182155D900E8DA17 /* FourthViewController.m in Sources */ = {isa = PBXBuildFile; fileRef = 5124029F182155D900E8DA17 /* FourthViewController.m */; };
		514033F8182245E40005AF5C /* assets.png in Resources */ = {isa = PBXBuildFile; fileRef = 514033DA182245E40005AF5C /* assets.png */; };
		514033F9182245E40005AF5C /* assets@2x.png in Resources */ = {isa = PBXBuildFile; fileRef = 514033DB182245E40005AF5C /* assets@2x.png */; };
		514033FA182245E40005AF5C /* bill.png in Resources */ = {isa = PBXBuildFile; fileRef = 514033DC182245E40005AF5C /* bill.png */; };
		514033FB182245E40005AF5C /* bill@2x.png in Resources */ = {isa = PBXBuildFile; fileRef = 514033DD182245E40005AF5C /* bill@2x.png */; };
		514033FC182245E40005AF5C /* Default.png in Resources */ = {isa = PBXBuildFile; fileRef = 514033DE182245E40005AF5C /* Default.png */; };
		514033FD182245E40005AF5C /* Default@2x.png in Resources */ = {isa = PBXBuildFile; fileRef = 514033DF182245E40005AF5C /* Default@2x.png */; };
		514033FE182245E40005AF5C /* guide01.png in Resources */ = {isa = PBXBuildFile; fileRef = 514033E0182245E40005AF5C /* guide01.png */; };
		514033FF182245E40005AF5C /* guide01@2x.png in Resources */ = {isa = PBXBuildFile; fileRef = 514033E1182245E40005AF5C /* guide01@2x.png */; };
		51403400182245E40005AF5C /* guide02.png in Resources */ = {isa = PBXBuildFile; fileRef = 514033E2182245E40005AF5C /* guide02.png */; };
		51403401182245E40005AF5C /* guide02@2x.png in Resources */ = {isa = PBXBuildFile; fileRef = 514033E3182245E40005AF5C /* guide02@2x.png */; };
		51403402182245E40005AF5C /* guide03.png in Resources */ = {isa = PBXBuildFile; fileRef = 514033E4182245E40005AF5C /* guide03.png */; };
		51403403182245E40005AF5C /* guide03@2x.png in Resources */ = {isa = PBXBuildFile; fileRef = 514033E5182245E40005AF5C /* guide03@2x.png */; };
		51403404182245E40005AF5C /* guide04.png in Resources */ = {isa = PBXBuildFile; fileRef = 514033E6182245E40005AF5C /* guide04.png */; };
		51403406182245E40005AF5C /* home.png in Resources */ = {isa = PBXBuildFile; fileRef = 514033E8182245E40005AF5C /* home.png */; };
		51403407182245E40005AF5C /* home@2x.png in Resources */ = {isa = PBXBuildFile; fileRef = 514033E9182245E40005AF5C /* home@2x.png */; };
		51403410182245E40005AF5C /* roundcorner.png in Resources */ = {isa = PBXBuildFile; fileRef = 514033F2182245E40005AF5C /* roundcorner.png */; };
		51403411182245E40005AF5C /* roundcorner@2x.png in Resources */ = {isa = PBXBuildFile; fileRef = 514033F3182245E40005AF5C /* roundcorner@2x.png */; };
		51403412182245E40005AF5C /* safety.png in Resources */ = {isa = PBXBuildFile; fileRef = 514033F4182245E40005AF5C /* safety.png */; };
		51403413182245E40005AF5C /* safety@2x.png in Resources */ = {isa = PBXBuildFile; fileRef = 514033F5182245E40005AF5C /* safety@2x.png */; };
		51403414182245E40005AF5C /* Start_app_iphone5.png in Resources */ = {isa = PBXBuildFile; fileRef = 514033F6182245E40005AF5C /* Start_app_iphone5.png */; };
		51403415182245E40005AF5C /* Start_app.png in Resources */ = {isa = PBXBuildFile; fileRef = 514033F7182245E40005AF5C /* Start_app.png */; };
		51403417182248FB0005AF5C /* guide04@2x.png in Resources */ = {isa = PBXBuildFile; fileRef = 51403416182248FB0005AF5C /* guide04@2x.png */; };
		51C93B391822282A00A2A269 /* bg1.png in Resources */ = {isa = PBXBuildFile; fileRef = 51C93B271822282A00A2A269 /* bg1.png */; };
		51C93B3A1822282A00A2A269 /* bg2.png in Resources */ = {isa = PBXBuildFile; fileRef = 51C93B281822282A00A2A269 /* bg2.png */; };
		51C93B3B1822282A00A2A269 /* bg3.png in Resources */ = {isa = PBXBuildFile; fileRef = 51C93B291822282A00A2A269 /* bg3.png */; };
		51C93B3C1822282A00A2A269 /* bg4.png in Resources */ = {isa = PBXBuildFile; fileRef = 51C93B2A1822282A00A2A269 /* bg4.png */; };
		51C93B571822365800A2A269 /* TutorialViewController.m in Sources */ = {isa = PBXBuildFile; fileRef = 51C93B561822365800A2A269 /* TutorialViewController.m */; };
		51C93B5B182236CE00A2A269 /* TutoriaItemViewController.m in Sources */ = {isa = PBXBuildFile; fileRef = 51C93B5A182236CE00A2A269 /* TutoriaItemViewController.m */; };
/* End PBXBuildFile section */

/* Begin PBXContainerItemProxy section */
		51240283182151B700E8DA17 /* PBXContainerItemProxy */ = {
			isa = PBXContainerItemProxy;
			containerPortal = 5124025B182151B700E8DA17 /* Project object */;
			proxyType = 1;
			remoteGlobalIDString = 51240262182151B700E8DA17;
			remoteInfo = TabNav;
		};
/* End PBXContainerItemProxy section */

/* Begin PBXFileReference section */
		51240263182151B700E8DA17 /* TabNav.app */ = {isa = PBXFileReference; explicitFileType = wrapper.application; includeInIndex = 0; path = TabNav.app; sourceTree = BUILT_PRODUCTS_DIR; };
		51240266182151B700E8DA17 /* Foundation.framework */ = {isa = PBXFileReference; lastKnownFileType = wrapper.framework; name = Foundation.framework; path = System/Library/Frameworks/Foundation.framework; sourceTree = SDKROOT; };
		51240268182151B700E8DA17 /* CoreGraphics.framework */ = {isa = PBXFileReference; lastKnownFileType = wrapper.framework; name = CoreGraphics.framework; path = System/Library/Frameworks/CoreGraphics.framework; sourceTree = SDKROOT; };
		5124026A182151B700E8DA17 /* UIKit.framework */ = {isa = PBXFileReference; lastKnownFileType = wrapper.framework; name = UIKit.framework; path = System/Library/Frameworks/UIKit.framework; sourceTree = SDKROOT; };
		5124026E182151B700E8DA17 /* TabNav-Info.plist */ = {isa = PBXFileReference; lastKnownFileType = text.plist.xml; path = "TabNav-Info.plist"; sourceTree = "<group>"; };
		51240270182151B700E8DA17 /* en */ = {isa = PBXFileReference; lastKnownFileType = text.plist.strings; name = en; path = en.lproj/InfoPlist.strings; sourceTree = "<group>"; };
		51240272182151B700E8DA17 /* main.m */ = {isa = PBXFileReference; lastKnownFileType = sourcecode.c.objc; path = main.m; sourceTree = "<group>"; };
		51240274182151B700E8DA17 /* TabNav-Prefix.pch */ = {isa = PBXFileReference; lastKnownFileType = sourcecode.c.h; path = "TabNav-Prefix.pch"; sourceTree = "<group>"; };
		51240275182151B700E8DA17 /* TabNavAppDelegate.h */ = {isa = PBXFileReference; lastKnownFileType = sourcecode.c.h; path = TabNavAppDelegate.h; sourceTree = "<group>"; };
		51240276182151B700E8DA17 /* TabNavAppDelegate.m */ = {isa = PBXFileReference; lastKnownFileType = sourcecode.c.objc; path = TabNavAppDelegate.m; sourceTree = "<group>"; };
		51240278182151B700E8DA17 /* Images.xcassets */ = {isa = PBXFileReference; lastKnownFileType = folder.assetcatalog; path = Images.xcassets; sourceTree = "<group>"; };
		5124027E182151B700E8DA17 /* TabNavTests.xctest */ = {isa = PBXFileReference; explicitFileType = wrapper.cfbundle; includeInIndex = 0; path = TabNavTests.xctest; sourceTree = BUILT_PRODUCTS_DIR; };
		5124027F182151B700E8DA17 /* XCTest.framework */ = {isa = PBXFileReference; lastKnownFileType = wrapper.framework; name = XCTest.framework; path = Library/Frameworks/XCTest.framework; sourceTree = DEVELOPER_DIR; };
		51240287182151B700E8DA17 /* TabNavTests-Info.plist */ = {isa = PBXFileReference; lastKnownFileType = text.plist.xml; path = "TabNavTests-Info.plist"; sourceTree = "<group>"; };
		51240289182151B700E8DA17 /* en */ = {isa = PBXFileReference; lastKnownFileType = text.plist.strings; name = en; path = en.lproj/InfoPlist.strings; sourceTree = "<group>"; };
		5124028B182151B700E8DA17 /* TabNavTests.m */ = {isa = PBXFileReference; lastKnownFileType = sourcecode.c.objc; path = TabNavTests.m; sourceTree = "<group>"; };
		512402951821520800E8DA17 /* FirstViewController.h */ = {isa = PBXFileReference; fileEncoding = 4; lastKnownFileType = sourcecode.c.h; path = FirstViewController.h; sourceTree = "<group>"; };
		512402961821520800E8DA17 /* FirstViewController.m */ = {isa = PBXFileReference; fileEncoding = 4; lastKnownFileType = sourcecode.c.objc; path = FirstViewController.m; sourceTree = "<group>"; };
		512402981821523100E8DA17 /* SecondViewController.h */ = {isa = PBXFileReference; fileEncoding = 4; lastKnownFileType = sourcecode.c.h; name = SecondViewController.h; path = TabNav/SecondViewController.h; sourceTree = "<group>"; };
		512402991821523100E8DA17 /* SecondViewController.m */ = {isa = PBXFileReference; fileEncoding = 4; lastKnownFileType = sourcecode.c.objc; name = SecondViewController.m; path = TabNav/SecondViewController.m; sourceTree = "<group>"; };
		5124029B182155C600E8DA17 /* ThirdViewController.h */ = {isa = PBXFileReference; fileEncoding = 4; lastKnownFileType = sourcecode.c.h; name = ThirdViewController.h; path = TabNav/ThirdViewController.h; sourceTree = "<group>"; };
		5124029C182155C600E8DA17 /* ThirdViewController.m */ = {isa = PBXFileReference; fileEncoding = 4; lastKnownFileType = sourcecode.c.objc; name = ThirdViewController.m; path = TabNav/ThirdViewController.m; sourceTree = "<group>"; };
		5124029E182155D900E8DA17 /* FourthViewController.h */ = {isa = PBXFileReference; fileEncoding = 4; lastKnownFileType = sourcecode.c.h; name = FourthViewController.h; path = TabNav/FourthViewController.h; sourceTree = "<group>"; };
		5124029F182155D900E8DA17 /* FourthViewController.m */ = {isa = PBXFileReference; fileEncoding = 4; lastKnownFileType = sourcecode.c.objc; name = FourthViewController.m; path = TabNav/FourthViewController.m; sourceTree = "<group>"; };
		514033DA182245E40005AF5C /* assets.png */ = {isa = PBXFileReference; lastKnownFileType = image.png; name = assets.png; path = images/assets.png; sourceTree = "<group>"; };
		514033DB182245E40005AF5C /* assets@2x.png */ = {isa = PBXFileReference; lastKnownFileType = image.png; name = "assets@2x.png"; path = "images/assets@2x.png"; sourceTree = "<group>"; };
		514033DC182245E40005AF5C /* bill.png */ = {isa = PBXFileReference; lastKnownFileType = image.png; name = bill.png; path = images/bill.png; sourceTree = "<group>"; };
		514033DD182245E40005AF5C /* bill@2x.png */ = {isa = PBXFileReference; lastKnownFileType = image.png; name = "bill@2x.png"; path = "images/bill@2x.png"; sourceTree = "<group>"; };
		514033DE182245E40005AF5C /* Default.png */ = {isa = PBXFileReference; lastKnownFileType = image.png; name = Default.png; path = images/Default.png; sourceTree = "<group>"; };
		514033DF182245E40005AF5C /* Default@2x.png */ = {isa = PBXFileReference; lastKnownFileType = image.png; name = "Default@2x.png"; path = "images/Default@2x.png"; sourceTree = "<group>"; };
		514033E0182245E40005AF5C /* guide01.png */ = {isa = PBXFileReference; lastKnownFileType = image.png; name = guide01.png; path = images/guide01.png; sourceTree = "<group>"; };
		514033E1182245E40005AF5C /* guide01@2x.png */ = {isa = PBXFileReference; lastKnownFileType = image.png; name = "guide01@2x.png"; path = "images/guide01@2x.png"; sourceTree = "<group>"; };
		514033E2182245E40005AF5C /* guide02.png */ = {isa = PBXFileReference; lastKnownFileType = image.png; name = guide02.png; path = images/guide02.png; sourceTree = "<group>"; };
		514033E3182245E40005AF5C /* guide02@2x.png */ = {isa = PBXFileReference; lastKnownFileType = image.png; name = "guide02@2x.png"; path = "images/guide02@2x.png"; sourceTree = "<group>"; };
		514033E4182245E40005AF5C /* guide03.png */ = {isa = PBXFileReference; lastKnownFileType = image.png; name = guide03.png; path = images/guide03.png; sourceTree = "<group>"; };
		514033E5182245E40005AF5C /* guide03@2x.png */ = {isa = PBXFileReference; lastKnownFileType = image.png; name = "guide03@2x.png"; path = "images/guide03@2x.png"; sourceTree = "<group>"; };
		514033E6182245E40005AF5C /* guide04.png */ = {isa = PBXFileReference; lastKnownFileType = image.png; name = guide04.png; path = images/guide04.png; sourceTree = "<group>"; };
		514033E8182245E40005AF5C /* home.png */ = {isa = PBXFileReference; lastKnownFileType = image.png; name = home.png; path = images/home.png; sourceTree = "<group>"; };
		514033E9182245E40005AF5C /* home@2x.png */ = {isa = PBXFileReference; lastKnownFileType = image.png; name = "home@2x.png"; path = "images/home@2x.png"; sourceTree = "<group>"; };
		514033F2182245E40005AF5C /* roundcorner.png */ = {isa = PBXFileReference; lastKnownFileType = image.png; name = roundcorner.png; path = images/roundcorner.png; sourceTree = "<group>"; };
		514033F3182245E40005AF5C /* roundcorner@2x.png */ = {isa = PBXFileReference; lastKnownFileType = image.png; name = "roundcorner@2x.png"; path = "images/roundcorner@2x.png"; sourceTree = "<group>"; };
		514033F4182245E40005AF5C /* safety.png */ = {isa = PBXFileReference; lastKnownFileType = image.png; name = safety.png; path = images/safety.png; sourceTree = "<group>"; };
		514033F5182245E40005AF5C /* safety@2x.png */ = {isa = PBXFileReference; lastKnownFileType = image.png; name = "safety@2x.png"; path = "images/safety@2x.png"; sourceTree = "<group>"; };
		514033F6182245E40005AF5C /* Start_app_iphone5.png */ = {isa = PBXFileReference; lastKnownFileType = image.png; name = Start_app_iphone5.png; path = images/Start_app_iphone5.png; sourceTree = "<group>"; };
		514033F7182245E40005AF5C /* Start_app.png */ = {isa = PBXFileReference; lastKnownFileType = image.png; name = Start_app.png; path = images/Start_app.png; sourceTree = "<group>"; };
		51403416182248FB0005AF5C /* guide04@2x.png */ = {isa = PBXFileReference; lastKnownFileType = image.png; name = "guide04@2x.png"; path = "images/guide04@2x.png"; sourceTree = "<group>"; };
		51C93B271822282A00A2A269 /* bg1.png */ = {isa = PBXFileReference; lastKnownFileType = image.png; name = bg1.png; path = ../../../Downloads/iOSUIFrame/iOSUIFrame/Resources/Images/bg1.png; sourceTree = "<group>"; };
		51C93B281822282A00A2A269 /* bg2.png */ = {isa = PBXFileReference; lastKnownFileType = image.png; name = bg2.png; path = ../../../Downloads/iOSUIFrame/iOSUIFrame/Resources/Images/bg2.png; sourceTree = "<group>"; };
		51C93B291822282A00A2A269 /* bg3.png */ = {isa = PBXFileReference; lastKnownFileType = image.png; name = bg3.png; path = ../../../Downloads/iOSUIFrame/iOSUIFrame/Resources/Images/bg3.png; sourceTree = "<group>"; };
		51C93B2A1822282A00A2A269 /* bg4.png */ = {isa = PBXFileReference; lastKnownFileType = image.png; name = bg4.png; path = ../../../Downloads/iOSUIFrame/iOSUIFrame/Resources/Images/bg4.png; sourceTree = "<group>"; };
		51C93B551822365800A2A269 /* TutorialViewController.h */ = {isa = PBXFileReference; fileEncoding = 4; lastKnownFileType = sourcecode.c.h; path = TutorialViewController.h; sourceTree = "<group>"; };
		51C93B561822365800A2A269 /* TutorialViewController.m */ = {isa = PBXFileReference; fileEncoding = 4; lastKnownFileType = sourcecode.c.objc; path = TutorialViewController.m; sourceTree = "<group>"; };
		51C93B59182236CE00A2A269 /* TutoriaItemViewController.h */ = {isa = PBXFileReference; fileEncoding = 4; lastKnownFileType = sourcecode.c.h; path = TutoriaItemViewController.h; sourceTree = "<group>"; };
		51C93B5A182236CE00A2A269 /* TutoriaItemViewController.m */ = {isa = PBXFileReference; fileEncoding = 4; lastKnownFileType = sourcecode.c.objc; path = TutoriaItemViewController.m; sourceTree = "<group>"; };
/* End PBXFileReference section */

/* Begin PBXFrameworksBuildPhase section */
		51240260182151B700E8DA17 /* Frameworks */ = {
			isa = PBXFrameworksBuildPhase;
			buildActionMask = 2147483647;
			files = (
				51240269182151B700E8DA17 /* CoreGraphics.framework in Frameworks */,
				5124026B182151B700E8DA17 /* UIKit.framework in Frameworks */,
				51240267182151B700E8DA17 /* Foundation.framework in Frameworks */,
			);
			runOnlyForDeploymentPostprocessing = 0;
		};
		5124027B182151B700E8DA17 /* Frameworks */ = {
			isa = PBXFrameworksBuildPhase;
			buildActionMask = 2147483647;
			files = (
				51240280182151B700E8DA17 /* XCTest.framework in Frameworks */,
				51240282182151B700E8DA17 /* UIKit.framework in Frameworks */,
				51240281182151B700E8DA17 /* Foundation.framework in Frameworks */,
			);
			runOnlyForDeploymentPostprocessing = 0;
		};
/* End PBXFrameworksBuildPhase section */

/* Begin PBXGroup section */
		5124025A182151B700E8DA17 = {
			isa = PBXGroup;
			children = (
				5124026C182151B700E8DA17 /* TabNav */,
				51240285182151B700E8DA17 /* TabNavTests */,
				51240265182151B700E8DA17 /* Frameworks */,
				51240264182151B700E8DA17 /* Products */,
			);
			sourceTree = "<group>";
		};
		51240264182151B700E8DA17 /* Products */ = {
			isa = PBXGroup;
			children = (
				51240263182151B700E8DA17 /* TabNav.app */,
				5124027E182151B700E8DA17 /* TabNavTests.xctest */,
			);
			name = Products;
			sourceTree = "<group>";
		};
		51240265182151B700E8DA17 /* Frameworks */ = {
			isa = PBXGroup;
			children = (
				51240266182151B700E8DA17 /* Foundation.framework */,
				51240268182151B700E8DA17 /* CoreGraphics.framework */,
				5124026A182151B700E8DA17 /* UIKit.framework */,
				5124027F182151B700E8DA17 /* XCTest.framework */,
			);
			name = Frameworks;
			sourceTree = "<group>";
		};
		5124026C182151B700E8DA17 /* TabNav */ = {
			isa = PBXGroup;
			children = (
				51C93B1C1822281000A2A269 /* images */,
				51240275182151B700E8DA17 /* TabNavAppDelegate.h */,
				51240276182151B700E8DA17 /* TabNavAppDelegate.m */,
				51C93B581822366600A2A269 /* TabClass */,
				51C93B551822365800A2A269 /* TutorialViewController.h */,
				51C93B561822365800A2A269 /* TutorialViewController.m */,
				51C93B59182236CE00A2A269 /* TutoriaItemViewController.h */,
				51C93B5A182236CE00A2A269 /* TutoriaItemViewController.m */,
				51240278182151B700E8DA17 /* Images.xcassets */,
				5124026D182151B700E8DA17 /* Supporting Files */,
			);
			path = TabNav;
			sourceTree = "<group>";
		};
		5124026D182151B700E8DA17 /* Supporting Files */ = {
			isa = PBXGroup;
			children = (
				5124026E182151B700E8DA17 /* TabNav-Info.plist */,
				5124026F182151B700E8DA17 /* InfoPlist.strings */,
				51240272182151B700E8DA17 /* main.m */,
				51240274182151B700E8DA17 /* TabNav-Prefix.pch */,
			);
			name = "Supporting Files";
			sourceTree = "<group>";
		};
		51240285182151B700E8DA17 /* TabNavTests */ = {
			isa = PBXGroup;
			children = (
				5124028B182151B700E8DA17 /* TabNavTests.m */,
				51240286182151B700E8DA17 /* Supporting Files */,
			);
			path = TabNavTests;
			sourceTree = "<group>";
		};
		51240286182151B700E8DA17 /* Supporting Files */ = {
			isa = PBXGroup;
			children = (
				51240287182151B700E8DA17 /* TabNavTests-Info.plist */,
				51240288182151B700E8DA17 /* InfoPlist.strings */,
			);
			name = "Supporting Files";
			sourceTree = "<group>";
		};
		51C93B1C1822281000A2A269 /* images */ = {
			isa = PBXGroup;
			children = (
				51403416182248FB0005AF5C /* guide04@2x.png */,
				514033DA182245E40005AF5C /* assets.png */,
				514033DB182245E40005AF5C /* assets@2x.png */,
				514033DC182245E40005AF5C /* bill.png */,
				514033DD182245E40005AF5C /* bill@2x.png */,
				514033DE182245E40005AF5C /* Default.png */,
				514033DF182245E40005AF5C /* Default@2x.png */,
				514033E0182245E40005AF5C /* guide01.png */,
				514033E1182245E40005AF5C /* guide01@2x.png */,
				514033E2182245E40005AF5C /* guide02.png */,
				514033E3182245E40005AF5C /* guide02@2x.png */,
				514033E4182245E40005AF5C /* guide03.png */,
				514033E5182245E40005AF5C /* guide03@2x.png */,
				514033E6182245E40005AF5C /* guide04.png */,
				514033E8182245E40005AF5C /* home.png */,
				514033E9182245E40005AF5C /* home@2x.png */,
				514033F2182245E40005AF5C /* roundcorner.png */,
				514033F4182245E40005AF5C /* safety.png */,
				514033F5182245E40005AF5C /* safety@2x.png */,
				514033F3182245E40005AF5C /* roundcorner@2x.png */,
				514033F6182245E40005AF5C /* Start_app_iphone5.png */,
				514033F7182245E40005AF5C /* Start_app.png */,
				51C93B271822282A00A2A269 /* bg1.png */,
				51C93B281822282A00A2A269 /* bg2.png */,
				51C93B291822282A00A2A269 /* bg3.png */,
				51C93B2A1822282A00A2A269 /* bg4.png */,
			);
			name = images;
			path = ..;
			sourceTree = "<group>";
		};
		51C93B581822366600A2A269 /* TabClass */ = {
			isa = PBXGroup;
			children = (
				512402951821520800E8DA17 /* FirstViewController.h */,
				512402961821520800E8DA17 /* FirstViewController.m */,
				512402981821523100E8DA17 /* SecondViewController.h */,
				512402991821523100E8DA17 /* SecondViewController.m */,
				5124029B182155C600E8DA17 /* ThirdViewController.h */,
				5124029C182155C600E8DA17 /* ThirdViewController.m */,
				5124029E182155D900E8DA17 /* FourthViewController.h */,
				5124029F182155D900E8DA17 /* FourthViewController.m */,
			);
			name = TabClass;
			path = ..;
			sourceTree = "<group>";
		};
/* End PBXGroup section */

/* Begin PBXNativeTarget section */
		51240262182151B700E8DA17 /* TabNav */ = {
			isa = PBXNativeTarget;
			buildConfigurationList = 5124028F182151B700E8DA17 /* Build configuration list for PBXNativeTarget "TabNav" */;
			buildPhases = (
				5124025F182151B700E8DA17 /* Sources */,
				51240260182151B700E8DA17 /* Frameworks */,
				51240261182151B700E8DA17 /* Resources */,
			);
			buildRules = (
			);
			dependencies = (
			);
			name = TabNav;
			productName = TabNav;
			productReference = 51240263182151B700E8DA17 /* TabNav.app */;
			productType = "com.apple.product-type.application";
		};
		5124027D182151B700E8DA17 /* TabNavTests */ = {
			isa = PBXNativeTarget;
			buildConfigurationList = 51240292182151B700E8DA17 /* Build configuration list for PBXNativeTarget "TabNavTests" */;
			buildPhases = (
				5124027A182151B700E8DA17 /* Sources */,
				5124027B182151B700E8DA17 /* Frameworks */,
				5124027C182151B700E8DA17 /* Resources */,
			);
			buildRules = (
			);
			dependencies = (
				51240284182151B700E8DA17 /* PBXTargetDependency */,
			);
			name = TabNavTests;
			productName = TabNavTests;
			productReference = 5124027E182151B700E8DA17 /* TabNavTests.xctest */;
			productType = "com.apple.product-type.bundle.unit-test";
		};
/* End PBXNativeTarget section */

/* Begin PBXProject section */
		5124025B182151B700E8DA17 /* Project object */ = {
			isa = PBXProject;
			attributes = {
				CLASSPREFIX = TabNav;
				LastUpgradeCheck = 0500;
				ORGANIZATIONNAME = qiang.mou;
				TargetAttributes = {
					5124027D182151B700E8DA17 = {
						TestTargetID = 51240262182151B700E8DA17;
					};
				};
			};
			buildConfigurationList = 5124025E182151B700E8DA17 /* Build configuration list for PBXProject "TabNav" */;
			compatibilityVersion = "Xcode 3.2";
			developmentRegion = English;
			hasScannedForEncodings = 0;
			knownRegions = (
				en,
			);
			mainGroup = 5124025A182151B700E8DA17;
			productRefGroup = 51240264182151B700E8DA17 /* Products */;
			projectDirPath = "";
			projectRoot = "";
			targets = (
				51240262182151B700E8DA17 /* TabNav */,
				5124027D182151B700E8DA17 /* TabNavTests */,
			);
		};
/* End PBXProject section */

/* Begin PBXResourcesBuildPhase section */
		51240261182151B700E8DA17 /* Resources */ = {
			isa = PBXResourcesBuildPhase;
			buildActionMask = 2147483647;
			files = (
				51403407182245E40005AF5C /* home@2x.png in Resources */,
				51403414182245E40005AF5C /* Start_app_iphone5.png in Resources */,
				51403415182245E40005AF5C /* Start_app.png in Resources */,
				51403410182245E40005AF5C /* roundcorner.png in Resources */,
				514033FA182245E40005AF5C /* bill.png in Resources */,
				51C93B3A1822282A00A2A269 /* bg2.png in Resources */,
				51403401182245E40005AF5C /* guide02@2x.png in Resources */,
				51240271182151B700E8DA17 /* InfoPlist.strings in Resources */,
				51403403182245E40005AF5C /* guide03@2x.png in Resources */,
				51403417182248FB0005AF5C /* guide04@2x.png in Resources */,
				514033F8182245E40005AF5C /* assets.png in Resources */,
				51C93B3C1822282A00A2A269 /* bg4.png in Resources */,
				514033F9182245E40005AF5C /* assets@2x.png in Resources */,
				51403411182245E40005AF5C /* roundcorner@2x.png in Resources */,
				51403413182245E40005AF5C /* safety@2x.png in Resources */,
				51C93B391822282A00A2A269 /* bg1.png in Resources */,
				51C93B3B1822282A00A2A269 /* bg3.png in Resources */,
				51403412182245E40005AF5C /* safety.png in Resources */,
				514033FF182245E40005AF5C /* guide01@2x.png in Resources */,
				51403400182245E40005AF5C /* guide02.png in Resources */,
				514033FC182245E40005AF5C /* Default.png in Resources */,
				514033FD182245E40005AF5C /* Default@2x.png in Resources */,
				514033FE182245E40005AF5C /* guide01.png in Resources */,
				51403404182245E40005AF5C /* guide04.png in Resources */,
				51403406182245E40005AF5C /* home.png in Resources */,
				51240279182151B700E8DA17 /* Images.xcassets in Resources */,
				514033FB182245E40005AF5C /* bill@2x.png in Resources */,
				51403402182245E40005AF5C /* guide03.png in Resources */,
			);
			runOnlyForDeploymentPostprocessing = 0;
		};
		5124027C182151B700E8DA17 /* Resources */ = {
			isa = PBXResourcesBuildPhase;
			buildActionMask = 2147483647;
			files = (
				5124028A182151B700E8DA17 /* InfoPlist.strings in Resources */,
			);
			runOnlyForDeploymentPostprocessing = 0;
		};
/* End PBXResourcesBuildPhase section */

/* Begin PBXSourcesBuildPhase section */
		5124025F182151B700E8DA17 /* Sources */ = {
			isa = PBXSourcesBuildPhase;
			buildActionMask = 2147483647;
			files = (
				512402A0182155D900E8DA17 /* FourthViewController.m in Sources */,
				5124029A1821523100E8DA17 /* SecondViewController.m in Sources */,
				5124029D182155C600E8DA17 /* ThirdViewController.m in Sources */,
				51240277182151B700E8DA17 /* TabNavAppDelegate.m in Sources */,
				51C93B5B182236CE00A2A269 /* TutoriaItemViewController.m in Sources */,
				512402971821520800E8DA17 /* FirstViewController.m in Sources */,
				51C93B571822365800A2A269 /* TutorialViewController.m in Sources */,
				51240273182151B700E8DA17 /* main.m in Sources */,
			);
			runOnlyForDeploymentPostprocessing = 0;
		};
		5124027A182151B700E8DA17 /* Sources */ = {
			isa = PBXSourcesBuildPhase;
			buildActionMask = 2147483647;
			files = (
				5124028C182151B700E8DA17 /* TabNavTests.m in Sources */,
			);
			runOnlyForDeploymentPostprocessing = 0;
		};
/* End PBXSourcesBuildPhase section */

/* Begin PBXTargetDependency section */
		51240284182151B700E8DA17 /* PBXTargetDependency */ = {
			isa = PBXTargetDependency;
			target = 51240262182151B700E8DA17 /* TabNav */;
			targetProxy = 51240283182151B700E8DA17 /* PBXContainerItemProxy */;
		};
/* End PBXTargetDependency section */

/* Begin PBXVariantGroup section */
		5124026F182151B700E8DA17 /* InfoPlist.strings */ = {
			isa = PBXVariantGroup;
			children = (
				51240270182151B700E8DA17 /* en */,
			);
			name = InfoPlist.strings;
			sourceTree = "<group>";
		};
		51240288182151B700E8DA17 /* InfoPlist.strings */ = {
			isa = PBXVariantGroup;
			children = (
				51240289182151B700E8DA17 /* en */,
			);
			name = InfoPlist.strings;
			sourceTree = "<group>";
		};
/* End PBXVariantGroup section */

/* Begin XCBuildConfiguration section */
		5124028D182151B700E8DA17 /* Debug */ = {
			isa = XCBuildConfiguration;
			buildSettings = {
				ALWAYS_SEARCH_USER_PATHS = NO;
				ARCHS = "$(ARCHS_STANDARD_INCLUDING_64_BIT)";
				CLANG_CXX_LANGUAGE_STANDARD = "gnu++0x";
				CLANG_CXX_LIBRARY = "libc++";
				CLANG_ENABLE_MODULES = YES;
				CLANG_ENABLE_OBJC_ARC = YES;
				CLANG_WARN_BOOL_CONVERSION = YES;
				CLANG_WARN_CONSTANT_CONVERSION = YES;
				CLANG_WARN_DIRECT_OBJC_ISA_USAGE = YES_ERROR;
				CLANG_WARN_EMPTY_BODY = YES;
				CLANG_WARN_ENUM_CONVERSION = YES;
				CLANG_WARN_INT_CONVERSION = YES;
				CLANG_WARN_OBJC_ROOT_CLASS = YES_ERROR;
				CLANG_WARN__DUPLICATE_METHOD_MATCH = YES;
				"CODE_SIGN_IDENTITY[sdk=iphoneos*]" = "iPhone Developer";
				COPY_PHASE_STRIP = NO;
				GCC_C_LANGUAGE_STANDARD = gnu99;
				GCC_DYNAMIC_NO_PIC = NO;
				GCC_OPTIMIZATION_LEVEL = 0;
				GCC_PREPROCESSOR_DEFINITIONS = (
					"DEBUG=1",
					"$(inherited)",
				);
				GCC_SYMBOLS_PRIVATE_EXTERN = NO;
				GCC_WARN_64_TO_32_BIT_CONVERSION = YES;
				GCC_WARN_ABOUT_RETURN_TYPE = YES_ERROR;
				GCC_WARN_UNDECLARED_SELECTOR = YES;
				GCC_WARN_UNINITIALIZED_AUTOS = YES;
				GCC_WARN_UNUSED_FUNCTION = YES;
				GCC_WARN_UNUSED_VARIABLE = YES;
				IPHONEOS_DEPLOYMENT_TARGET = 7.0;
				ONLY_ACTIVE_ARCH = YES;
				SDKROOT = iphoneos;
			};
			name = Debug;
		};
		5124028E182151B700E8DA17 /* Release */ = {
			isa = XCBuildConfiguration;
			buildSettings = {
				ALWAYS_SEARCH_USER_PATHS = NO;
				ARCHS = "$(ARCHS_STANDARD_INCLUDING_64_BIT)";
				CLANG_CXX_LANGUAGE_STANDARD = "gnu++0x";
				CLANG_CXX_LIBRARY = "libc++";
				CLANG_ENABLE_MODULES = YES;
				CLANG_ENABLE_OBJC_ARC = YES;
				CLANG_WARN_BOOL_CONVERSION = YES;
				CLANG_WARN_CONSTANT_CONVERSION = YES;
				CLANG_WARN_DIRECT_OBJC_ISA_USAGE = YES_ERROR;
				CLANG_WARN_EMPTY_BODY = YES;
				CLANG_WARN_ENUM_CONVERSION = YES;
				CLANG_WARN_INT_CONVERSION = YES;
				CLANG_WARN_OBJC_ROOT_CLASS = YES_ERROR;
				CLANG_WARN__DUPLICATE_METHOD_MATCH = YES;
				"CODE_SIGN_IDENTITY[sdk=iphoneos*]" = "iPhone Developer";
				COPY_PHASE_STRIP = YES;
				ENABLE_NS_ASSERTIONS = NO;
				GCC_C_LANGUAGE_STANDARD = gnu99;
				GCC_WARN_64_TO_32_BIT_CONVERSION = YES;
				GCC_WARN_ABOUT_RETURN_TYPE = YES_ERROR;
				GCC_WARN_UNDECLARED_SELECTOR = YES;
				GCC_WARN_UNINITIALIZED_AUTOS = YES;
				GCC_WARN_UNUSED_FUNCTION = YES;
				GCC_WARN_UNUSED_VARIABLE = YES;
				IPHONEOS_DEPLOYMENT_TARGET = 7.0;
				SDKROOT = iphoneos;
				VALIDATE_PRODUCT = YES;
			};
			name = Release;
		};
		51240290182151B700E8DA17 /* Debug */ = {
			isa = XCBuildConfiguration;
			buildSettings = {
				GCC_PRECOMPILE_PREFIX_HEADER = YES;
				GCC_PREFIX_HEADER = "TabNav/TabNav-Prefix.pch";
				INFOPLIST_FILE = "TabNav/TabNav-Info.plist";
				PRODUCT_NAME = "$(TARGET_NAME)";
				WRAPPER_EXTENSION = app;
			};
			name = Debug;
		};
		51240291182151B700E8DA17 /* Release */ = {
			isa = XCBuildConfiguration;
			buildSettings = {
				GCC_PRECOMPILE_PREFIX_HEADER = YES;
				GCC_PREFIX_HEADER = "TabNav/TabNav-Prefix.pch";
				INFOPLIST_FILE = "TabNav/TabNav-Info.plist";
				PRODUCT_NAME = "$(TARGET_NAME)";
				WRAPPER_EXTENSION = app;
			};
			name = Release;
		};
		51240293182151B700E8DA17 /* Debug */ = {
			isa = XCBuildConfiguration;
			buildSettings = {
				ARCHS = "$(ARCHS_STANDARD_INCLUDING_64_BIT)";
				BUNDLE_LOADER = "$(BUILT_PRODUCTS_DIR)/TabNav.app/TabNav";
				FRAMEWORK_SEARCH_PATHS = (
					"$(SDKROOT)/Developer/Library/Frameworks",
					"$(inherited)",
					"$(DEVELOPER_FRAMEWORKS_DIR)",
				);
				GCC_PRECOMPILE_PREFIX_HEADER = YES;
				GCC_PREFIX_HEADER = "TabNav/TabNav-Prefix.pch";
				GCC_PREPROCESSOR_DEFINITIONS = (
					"DEBUG=1",
					"$(inherited)",
				);
				INFOPLIST_FILE = "TabNavTests/TabNavTests-Info.plist";
				PRODUCT_NAME = "$(TARGET_NAME)";
				TEST_HOST = "$(BUNDLE_LOADER)";
				WRAPPER_EXTENSION = xctest;
			};
			name = Debug;
		};
		51240294182151B700E8DA17 /* Release */ = {
			isa = XCBuildConfiguration;
			buildSettings = {
				ARCHS = "$(ARCHS_STANDARD_INCLUDING_64_BIT)";
				BUNDLE_LOADER = "$(BUILT_PRODUCTS_DIR)/TabNav.app/TabNav";
				FRAMEWORK_SEARCH_PATHS = (
					"$(SDKROOT)/Developer/Library/Frameworks",
					"$(inherited)",
					"$(DEVELOPER_FRAMEWORKS_DIR)",
				);
				GCC_PRECOMPILE_PREFIX_HEADER = YES;
				GCC_PREFIX_HEADER = "TabNav/TabNav-Prefix.pch";
				INFOPLIST_FILE = "TabNavTests/TabNavTests-Info.plist";
				PRODUCT_NAME = "$(TARGET_NAME)";
				TEST_HOST = "$(BUNDLE_LOADER)";
				WRAPPER_EXTENSION = xctest;
			};
			name = Release;
		};
/* End XCBuildConfiguration section */

/* Begin XCConfigurationList section */
		5124025E182151B700E8DA17 /* Build configuration list for PBXProject "TabNav" */ = {
			isa = XCConfigurationList;
			buildConfigurations = (
				5124028D182151B700E8DA17 /* Debug */,
				5124028E182151B700E8DA17 /* Release */,
			);
			defaultConfigurationIsVisible = 0;
			defaultConfigurationName = Release;
		};
		5124028F182151B700E8DA17 /* Build configuration list for PBXNativeTarget "TabNav" */ = {
			isa = XCConfigurationList;
			buildConfigurations = (
				51240290182151B700E8DA17 /* Debug */,
				51240291182151B700E8DA17 /* Release */,
			);
			defaultConfigurationIsVisible = 0;
			defaultConfigurationName = Release;
		};
		51240292182151B700E8DA17 /* Build configuration list for PBXNativeTarget "TabNavTests" */ = {
			isa = XCConfigurationList;
			buildConfigurations = (
				51240293182151B700E8DA17 /* Debug */,
				51240294182151B700E8DA17 /* Release */,
			);
			defaultConfigurationIsVisible = 0;
			defaultConfigurationName = Release;
		};
/* End XCConfigurationList section */
	};
	rootObject = 5124025B182151B700E8DA17 /* Project object */;
}
